{
  "name": "dxfGenerator",
  "version": "1.0.0",
  "lockfileVersion": 1,
  "requires": true,
  "dependencies": {
    "@danmarshall/jscad-typings": {
      "version": "1.0.0",
      "resolved": "https://registry.npmjs.org/@danmarshall/jscad-typings/-/jscad-typings-1.0.0.tgz",
      "integrity": "sha512-MGGIGDItK2UQSsz7yTrXErQXDAFXR3UPxyQ7WZ5RHOwnv60CBXjmkJlXYMYPkSvo+7fUuQL2/ODcvECtc/fi9g=="
    },
    "@types/bezier-js": {
      "version": "0.0.6",
      "resolved": "https://registry.npmjs.org/@types/bezier-js/-/bezier-js-0.0.6.tgz",
      "integrity": "sha1-DZdtaBY8SVUzLveYohoLPWOB0Ss="
    },
    "@types/node": {
      "version": "7.10.14",
      "resolved": "https://registry.npmjs.org/@types/node/-/node-7.10.14.tgz",
      "integrity": "sha512-29GS75BE8asnTno3yB6ubOJOO0FboExEqNJy4bpz0GSmW/8wPTNL4h9h63c6s1uTrOopCmJYe/4yJLh5r92ZUA=="
    },
    "@types/opentype.js": {
      "version": "0.7.2",
      "resolved": "https://registry.npmjs.org/@types/opentype.js/-/opentype.js-0.7.2.tgz",
      "integrity": "sha512-Riz6WyBUBEFs7YqSsJya3SbDHJZ6BmMkY7bzNoue6rtwj+RNilLc+mgOX/eJ0Y0asq16FSU6DatBeOg8ZMy2UQ=="
    },
    "@types/pdfkit": {
      "version": "0.7.36",
      "resolved": "https://registry.npmjs.org/@types/pdfkit/-/pdfkit-0.7.36.tgz",
      "integrity": "sha512-9eRA6MuW+n78yU3HhoIrDxjyAX2++B5MpLDYqHOnaRTquCw+5sYXT+QN8E1eSaxvNUwlRfU3tOm4UzTeGWmBqg==",
      "requires": {
        "@types/node": "*"
      }
    },
    "bezier-js": {
      "version": "2.6.1",
      "resolved": "https://registry.npmjs.org/bezier-js/-/bezier-js-2.6.1.tgz",
      "integrity": "sha512-jelZM33eNzcZ9snJ/5HqJLw3IzXvA8RFcBjkdOB8SDYyOvW8Y2tTosojAiBTnD1MhbHoWUYNbxUXxBl61TxbRg=="
    },
    "clone": {
      "version": "1.0.4",
      "resolved": "https://registry.npmjs.org/clone/-/clone-1.0.4.tgz",
      "integrity": "sha1-2jCcwmPfFZlMaIypAheco8fNfH4="
    },
    "dxf-writer": {
      "version": "1.8.0",
      "resolved": "https://registry.npmjs.org/dxf-writer/-/dxf-writer-1.8.0.tgz",
      "integrity": "sha512-1PeJF6ca4h9SC+hGeqYIw7i37Za14LHYblPIr2YBS+Azp26VX18GyM3AZAbghYM3bsbWt+zrzSGPeE5hTtHBig=="
    },
    "graham_scan": {
      "version": "1.0.4",
      "resolved": "https://registry.npmjs.org/graham_scan/-/graham_scan-1.0.4.tgz",
      "integrity": "sha1-OZZR3R+DU+GID1nqjl+Uud9Mkoo="
    },
    "kdbush": {
      "version": "2.0.1",
      "resolved": "https://registry.npmjs.org/kdbush/-/kdbush-2.0.1.tgz",
      "integrity": "sha512-9KqSdmWCkBIisFIGclT0FRagKhI7IVbMyUjsxCFG0Ly1Dg6whlxJ7b9lrq8ifk3X/fGeJzok1R75LQfZTfA5zQ=="
    },
    "makerjs": {
      "version": "0.17.0",
      "resolved": "https://registry.npmjs.org/makerjs/-/makerjs-0.17.0.tgz",
      "integrity": "sha512-uUCQKnzqVwfIzwp4nJEcOBQoxoI5pOD4Y2+8lzRlcboWvO4+H2okzmZ6DiTAT+2w28qDN548Wl/EWXwj2FjACw==",
      "requires": {
        "@danmarshall/jscad-typings": "^1.0.0",
        "@types/bezier-js": "^0.0.6",
        "@types/node": "^7.0.5",
        "@types/opentype.js": "^0.7.0",
        "@types/pdfkit": "^0.7.34",
        "bezier-js": "^2.1.0",
        "clone": "^1.0.2",
        "graham_scan": "^1.0.4",
        "kdbush": "^2.0.1"
      }
    }
  }
}
